{
  "name": "~TODO~",
  "version": "0.0.1",
  "lockfileVersion": 2,
  "requires": true,
  "packages": {
    "": {
      "name": "~TODO~",
      "version": "0.0.1",
      "dependencies": {
        "@fontsource/fira-mono": "^4.2.2",
        "@lukeed/uuid": "^2.0.0",
        "cookie": "^0.4.1",
        "external-lib": "file://./external-lib/external-lib-1.0.0.tgz"
      },
      "devDependencies": {
        "@sveltejs/kit": "next",
        "@types/cookie": "^0.4.0",
        "svelte": "^3.34.0",
        "svelte-check": "^2.0.0",
        "svelte-preprocess": "^4.0.0",
        "tslib": "^2.0.0",
        "typescript": "^4.0.0"
      }
    },
    "../vite/packages/vite": {
      "version": "2.3.8",
      "dev": true,
      "license": "MIT",
      "dependencies": {
        "enhanced-resolve": "^5.8.2",
        "esbuild": "^0.12.8",
        "postcss": "^8.3.5",
        "resolve": "^1.20.0",
        "rollup": "^2.38.5"
      },
      "bin": {
        "vite": "bin/vite.js"
      },
      "devDependencies": {
        "@ampproject/remapping": "^1.0.1",
        "@rollup/plugin-alias": "^3.1.2",
        "@rollup/plugin-commonjs": "^19.0.0",
        "@rollup/plugin-dynamic-import-vars": "^1.1.1",
        "@rollup/plugin-json": "^4.1.0",
        "@rollup/plugin-node-resolve": "13.0.0",
        "@rollup/plugin-typescript": "^8.2.1",
        "@rollup/pluginutils": "^4.1.0",
        "@types/clean-css": "^4.2.4",
        "@types/convert-source-map": "^1.5.1",
        "@types/debug": "^4.1.5",
        "@types/es-module-lexer": "^0.3.0",
        "@types/estree": "^0.0.48",
        "@types/etag": "^1.8.0",
        "@types/less": "^3.0.2",
        "@types/mime": "^2.0.3",
        "@types/node": "^15.12.2",
        "@types/resolve": "^1.20.0",
        "@types/sass": "^1.16.0",
        "@types/stylus": "^0.48.35",
        "@types/ws": "^7.4.5",
        "@vue/compiler-dom": "^3.1.2",
        "acorn": "^8.4.1",
        "acorn-class-fields": "^1.0.0",
        "acorn-numeric-separator": "^0.3.6",
        "acorn-static-class-features": "^1.0.0",
        "brotli-size": "^4.0.0",
        "builtin-modules": "^3.2.0",
        "cac": "^6.7.3",
        "chalk": "^4.1.1",
        "chokidar": "^3.5.2",
        "clean-css": "^5.1.2",
        "compression": "^1.7.4",
        "connect": "^3.7.0",
        "connect-history-api-fallback": "^1.6.0",
        "convert-source-map": "^1.8.0",
        "cors": "^2.8.5",
        "debug": "^4.3.2",
        "dotenv": "^8.6.0",
        "dotenv-expand": "^5.1.0",
        "es-module-lexer": "^0.6.0",
        "estree-walker": "^2.0.2",
        "etag": "^1.8.1",
        "execa": "^5.1.1",
        "fast-glob": "^3.2.5",
        "http-proxy": "^1.18.1",
        "launch-editor-middleware": "^2.2.1",
        "magic-string": "^0.25.7",
        "mime": "^2.5.2",
        "minimatch": "^3.0.4",
        "okie": "^1.0.1",
        "open": "^7.4.2",
        "periscopic": "^2.0.3",
        "postcss-import": "^13.0.0",
        "postcss-load-config": "^3.0.0",
        "postcss-modules": "^4.1.3",
        "resolve.exports": "^1.0.2",
        "rollup-plugin-license": "^2.5.0",
        "selfsigned": "^1.10.11",
        "sirv": "^1.0.12",
        "source-map": "^0.6.1",
        "source-map-support": "^0.5.19",
        "strip-ansi": "^6.0.0",
        "terser": "^5.7.0",
        "tslib": "^2.3.0",
        "types": "link:./types",
        "ws": "^7.5.0"
      },
      "engines": {
        "node": ">=12.0.0"
      },
      "optionalDependencies": {
        "fsevents": "~2.3.2"
      }
    },
    "../vite/packages/vite/node_modules/@rollup/plugin-typescript": {
      "version": "8.2.1",
      "dev": true,
      "license": "MIT",
      "dependencies": {
        "@rollup/pluginutils": "^3.1.0",
        "resolve": "^1.17.0"
      },
      "engines": {
        "node": ">=8.0.0"
      },
      "peerDependencies": {
        "rollup": "^2.14.0",
        "tslib": "*",
        "typescript": ">=3.7.0"
      }
    },
    "../vite/packages/vite/node_modules/@rollup/plugin-typescript/node_modules/@rollup/pluginutils": {
      "version": "3.1.0",
      "dev": true,
      "license": "MIT",
      "dependencies": {
        "@types/estree": "0.0.39",
        "estree-walker": "^1.0.1",
        "picomatch": "^2.2.2"
      },
      "engines": {
        "node": ">= 8.0.0"
      },
      "peerDependencies": {
        "rollup": "^1.20.0||^2.0.0"
      }
    },
    "../vite/packages/vite/node_modules/@rollup/plugin-typescript/node_modules/@types/estree": {
      "version": "0.0.39",
      "dev": true,
      "license": "MIT"
    },
    "../vite/packages/vite/node_modules/@rollup/plugin-typescript/node_modules/estree-walker": {
      "version": "1.0.1",
      "dev": true,
      "license": "MIT"
    },
    "../vite/packages/vite/node_modules/@rollup/pluginutils": {
      "version": "4.1.0",
      "dev": true,
      "license": "MIT",
      "dependencies": {
        "estree-walker": "^2.0.1",
        "picomatch": "^2.2.2"
      },
      "engines": {
        "node": ">= 8.0.0"
      },
      "peerDependencies": {
        "rollup": "^1.20.0||^2.0.0"
      }
    },
    "../vite/packages/vite/node_modules/@types/estree": {
      "version": "0.0.48",
      "dev": true,
      "license": "MIT"
    },
    "../vite/packages/vite/node_modules/@vue/compiler-core": {
      "version": "3.1.2",
      "dev": true,
      "license": "MIT",
      "dependencies": {
        "@babel/parser": "^7.12.0",
        "@babel/types": "^7.12.0",
        "@vue/shared": "3.1.2",
        "estree-walker": "^2.0.1",
        "source-map": "^0.6.1"
      }
    },
    "../vite/packages/vite/node_modules/@vue/compiler-dom": {
      "version": "3.1.2",
      "dev": true,
      "license": "MIT",
      "dependencies": {
        "@vue/compiler-core": "3.1.2",
        "@vue/shared": "3.1.2"
      }
    },
    "../vite/packages/vite/node_modules/@vue/shared": {
      "version": "3.1.2",
      "dev": true,
      "license": "MIT"
    },
    "../vite/packages/vite/node_modules/convert-source-map": {
      "version": "1.8.0",
      "dev": true,
      "license": "MIT",
      "dependencies": {
        "safe-buffer": "~5.1.1"
      }
    },
    "../vite/packages/vite/node_modules/debug": {
      "version": "4.3.2",
      "dev": true,
      "license": "MIT",
      "dependencies": {
        "ms": "2.1.2"
      },
      "engines": {
        "node": ">=6.0"
      },
      "peerDependenciesMeta": {
        "supports-color": {
          "optional": true
        }
      }
    },
    "../vite/packages/vite/node_modules/mime": {
      "version": "2.5.2",
      "dev": true,
      "license": "MIT",
      "bin": {
        "mime": "cli.js"
      },
      "engines": {
        "node": ">=4.0.0"
      }
    },
    "../vite/packages/vite/node_modules/ms": {
      "version": "2.1.2",
      "dev": true,
      "license": "MIT"
    },
    "../vite/packages/vite/node_modules/postcss-modules": {
      "version": "4.1.3",
      "dev": true,
      "license": "MIT",
      "dependencies": {
        "generic-names": "^2.0.1",
        "icss-replace-symbols": "^1.1.0",
        "lodash.camelcase": "^4.3.0",
        "postcss-modules-extract-imports": "^3.0.0",
        "postcss-modules-local-by-default": "^4.0.0",
        "postcss-modules-scope": "^3.0.0",
        "postcss-modules-values": "^4.0.0",
        "string-hash": "^1.1.1"
      },
      "peerDependencies": {
        "postcss": "^8.0.0"
      }
    },
    "../vite/packages/vite/node_modules/tslib": {
      "version": "2.3.0",
      "dev": true,
      "license": "0BSD"
    },
    "../vite/packages/vite/node_modules/ws": {
      "version": "7.5.0",
      "dev": true,
      "license": "MIT",
      "engines": {
        "node": ">=8.3.0"
      },
      "peerDependencies": {
        "bufferutil": "^4.0.1",
        "utf-8-validate": "^5.0.2"
      },
      "peerDependenciesMeta": {
        "bufferutil": {
          "optional": true
        },
        "utf-8-validate": {
          "optional": true
        }
      }
    },
    "../vite/packages/vite/types": {
      "extraneous": true
    },
    "node_modules/@fontsource/fira-mono": {
      "version": "4.4.5",
      "license": "MIT"
    },
    "node_modules/@lukeed/csprng": {
      "version": "1.0.0",
      "license": "MIT",
      "engines": {
        "node": ">=8"
      }
    },
    "node_modules/@lukeed/uuid": {
      "version": "2.0.0",
      "license": "MIT",
      "dependencies": {
        "@lukeed/csprng": "^1.0.0"
      },
      "engines": {
        "node": ">=8"
      }
    },
    "node_modules/@rollup/pluginutils": {
      "version": "4.1.0",
      "dev": true,
      "license": "MIT",
      "dependencies": {
        "estree-walker": "^2.0.1",
        "picomatch": "^2.2.2"
      },
      "engines": {
        "node": ">= 8.0.0"
      },
      "peerDependencies": {
        "rollup": "^1.20.0||^2.0.0"
      }
    },
    "node_modules/@sveltejs/kit": {
      "version": "1.0.0-next.118",
      "resolved": "https://registry.npmjs.org/@sveltejs/kit/-/kit-1.0.0-next.118.tgz",
      "integrity": "sha512-z72d8p/Csamg+TLf5Vb3ewAo9WhiEgPmGUA/m5ot2qppzLo36+ys109HVsdVoFg2B7wbYB56stbocHr7gF/QuA==",
      "dev": true,
      "dependencies": {
        "@sveltejs/vite-plugin-svelte": "^1.0.0-next.11",
        "cheap-watch": "^1.0.3",
        "sade": "^1.7.4",
        "vite": "^2.3.8"
      },
      "bin": {
        "svelte-kit": "svelte-kit.js"
      },
      "engines": {
        "node": "^12.20 || >=14.13"
      },
      "peerDependencies": {
        "svelte": "^3.34.0"
      }
    },
    "node_modules/@sveltejs/vite-plugin-svelte": {
      "version": "1.0.0-next.11",
      "dev": true,
      "license": "MIT",
      "dependencies": {
        "@rollup/pluginutils": "^4.1.0",
        "chalk": "^4.1.1",
        "debug": "^4.3.2",
        "require-relative": "^0.8.7",
        "svelte-hmr": "^0.14.4"
      },
      "engines": {
        "node": "^12.20 || ^14.13.1 || >= 16"
      },
      "peerDependencies": {
        "svelte": "^3.38.2",
        "vite": "^2.3.7"
      }
    },
    "node_modules/@types/cookie": {
      "version": "0.4.0",
      "dev": true,
      "license": "MIT"
    },
    "node_modules/@types/node": {
      "version": "15.12.5",
      "dev": true,
      "license": "MIT"
    },
    "node_modules/@types/pug": {
      "version": "2.0.4",
      "dev": true,
      "license": "MIT"
    },
    "node_modules/@types/sass": {
      "version": "1.16.0",
      "dev": true,
      "license": "MIT",
      "dependencies": {
        "@types/node": "*"
      }
    },
    "node_modules/ansi-styles": {
      "version": "4.3.0",
      "dev": true,
      "license": "MIT",
      "dependencies": {
        "color-convert": "^2.0.1"
      },
      "engines": {
        "node": ">=8"
      },
      "funding": {
        "url": "https://github.com/chalk/ansi-styles?sponsor=1"
      }
    },
    "node_modules/anymatch": {
      "version": "3.1.2",
      "dev": true,
      "license": "ISC",
      "dependencies": {
        "normalize-path": "^3.0.0",
        "picomatch": "^2.0.4"
      },
      "engines": {
        "node": ">= 8"
      }
    },
    "node_modules/balanced-match": {
      "version": "1.0.2",
      "dev": true,
      "license": "MIT"
    },
    "node_modules/binary-extensions": {
      "version": "2.2.0",
      "dev": true,
      "license": "MIT",
      "engines": {
        "node": ">=8"
      }
    },
    "node_modules/brace-expansion": {
      "version": "1.1.11",
      "dev": true,
      "license": "MIT",
      "dependencies": {
        "balanced-match": "^1.0.0",
        "concat-map": "0.0.1"
      }
    },
    "node_modules/braces": {
      "version": "3.0.2",
      "dev": true,
      "license": "MIT",
      "dependencies": {
        "fill-range": "^7.0.1"
      },
      "engines": {
        "node": ">=8"
      }
    },
    "node_modules/callsites": {
      "version": "3.1.0",
      "dev": true,
      "license": "MIT",
      "engines": {
        "node": ">=6"
      }
    },
    "node_modules/chalk": {
      "version": "4.1.1",
      "dev": true,
      "license": "MIT",
      "dependencies": {
        "ansi-styles": "^4.1.0",
        "supports-color": "^7.1.0"
      },
      "engines": {
        "node": ">=10"
      },
      "funding": {
        "url": "https://github.com/chalk/chalk?sponsor=1"
      }
    },
    "node_modules/cheap-watch": {
      "version": "1.0.3",
      "dev": true,
      "license": "MIT",
      "engines": {
        "node": ">=8"
      }
    },
    "node_modules/chokidar": {
      "version": "3.5.2",
      "dev": true,
      "license": "MIT",
      "dependencies": {
        "anymatch": "~3.1.2",
        "braces": "~3.0.2",
        "glob-parent": "~5.1.2",
        "is-binary-path": "~2.1.0",
        "is-glob": "~4.0.1",
        "normalize-path": "~3.0.0",
        "readdirp": "~3.6.0"
      },
      "engines": {
        "node": ">= 8.10.0"
      },
      "optionalDependencies": {
        "fsevents": "~2.3.2"
      }
    },
    "node_modules/color-convert": {
      "version": "2.0.1",
      "dev": true,
      "license": "MIT",
      "dependencies": {
        "color-name": "~1.1.4"
      },
      "engines": {
        "node": ">=7.0.0"
      }
    },
    "node_modules/color-name": {
      "version": "1.1.4",
      "dev": true,
      "license": "MIT"
    },
    "node_modules/colorette": {
      "version": "1.2.2",
      "dev": true,
      "license": "MIT",
      "optional": true,
      "peer": true
    },
    "node_modules/concat-map": {
      "version": "0.0.1",
      "dev": true,
      "license": "MIT"
    },
    "node_modules/cookie": {
      "version": "0.4.1",
      "license": "MIT",
      "engines": {
        "node": ">= 0.6"
      }
    },
    "node_modules/debug": {
      "version": "4.3.2",
      "dev": true,
      "license": "MIT",
      "dependencies": {
        "ms": "2.1.2"
      },
      "engines": {
        "node": ">=6.0"
      },
      "peerDependenciesMeta": {
        "supports-color": {
          "optional": true
        }
      }
    },
    "node_modules/detect-indent": {
      "version": "6.1.0",
      "dev": true,
      "license": "MIT",
      "engines": {
        "node": ">=8"
      }
    },
    "node_modules/estree-walker": {
      "version": "2.0.2",
      "dev": true,
      "license": "MIT"
    },
    "node_modules/external-lib": {
      "version": "1.0.0",
      "resolved": "file:external-lib/external-lib-1.0.0.tgz",
      "integrity": "sha512-66PKqzk+2VZxZXNFexavMTRvZixJ3bkWVfbD3S3/IMhx7UtAwLGEt6Tzu6/5PuiInxQkBLmQgahSDXB96qf3Eg==",
      "license": "ISC"
    },
    "node_modules/fill-range": {
      "version": "7.0.1",
      "dev": true,
      "license": "MIT",
      "dependencies": {
        "to-regex-range": "^5.0.1"
      },
      "engines": {
        "node": ">=8"
      }
    },
    "node_modules/fs.realpath": {
      "version": "1.0.0",
      "dev": true,
      "license": "ISC"
    },
    "node_modules/glob": {
      "version": "7.1.7",
      "dev": true,
      "license": "ISC",
      "dependencies": {
        "fs.realpath": "^1.0.0",
        "inflight": "^1.0.4",
        "inherits": "2",
        "minimatch": "^3.0.4",
        "once": "^1.3.0",
        "path-is-absolute": "^1.0.0"
      },
      "engines": {
        "node": "*"
      },
      "funding": {
        "url": "https://github.com/sponsors/isaacs"
      }
    },
    "node_modules/glob-parent": {
      "version": "5.1.2",
      "dev": true,
      "license": "ISC",
      "dependencies": {
        "is-glob": "^4.0.1"
      },
      "engines": {
        "node": ">= 6"
      }
    },
    "node_modules/has-flag": {
      "version": "4.0.0",
      "dev": true,
      "license": "MIT",
      "engines": {
        "node": ">=8"
      }
    },
    "node_modules/import-fresh": {
      "version": "3.3.0",
      "dev": true,
      "license": "MIT",
      "dependencies": {
        "parent-module": "^1.0.0",
        "resolve-from": "^4.0.0"
      },
      "engines": {
        "node": ">=6"
      },
      "funding": {
        "url": "https://github.com/sponsors/sindresorhus"
      }
    },
    "node_modules/inflight": {
      "version": "1.0.6",
      "dev": true,
      "license": "ISC",
      "dependencies": {
        "once": "^1.3.0",
        "wrappy": "1"
      }
    },
    "node_modules/inherits": {
      "version": "2.0.4",
      "dev": true,
      "license": "ISC"
    },
    "node_modules/is-binary-path": {
      "version": "2.1.0",
      "dev": true,
      "license": "MIT",
      "dependencies": {
        "binary-extensions": "^2.0.0"
      },
      "engines": {
        "node": ">=8"
      }
    },
    "node_modules/is-extglob": {
      "version": "2.1.1",
      "dev": true,
      "license": "MIT",
      "engines": {
        "node": ">=0.10.0"
      }
    },
    "node_modules/is-glob": {
      "version": "4.0.1",
      "dev": true,
      "license": "MIT",
      "dependencies": {
        "is-extglob": "^2.1.1"
      },
      "engines": {
        "node": ">=0.10.0"
      }
    },
    "node_modules/is-number": {
      "version": "7.0.0",
      "dev": true,
      "license": "MIT",
      "engines": {
        "node": ">=0.12.0"
      }
    },
    "node_modules/min-indent": {
      "version": "1.0.1",
      "dev": true,
      "license": "MIT",
      "engines": {
        "node": ">=4"
      }
    },
    "node_modules/minimatch": {
      "version": "3.0.4",
      "dev": true,
      "license": "ISC",
      "dependencies": {
        "brace-expansion": "^1.1.7"
      },
      "engines": {
        "node": "*"
      }
    },
    "node_modules/minimist": {
      "version": "1.2.5",
      "dev": true,
      "license": "MIT"
    },
    "node_modules/mri": {
      "version": "1.1.6",
      "dev": true,
      "license": "MIT",
      "engines": {
        "node": ">=4"
      }
    },
    "node_modules/ms": {
      "version": "2.1.2",
      "dev": true,
      "license": "MIT"
    },
    "node_modules/nanoid": {
      "version": "3.1.23",
      "dev": true,
      "license": "MIT",
      "optional": true,
      "peer": true,
      "bin": {
        "nanoid": "bin/nanoid.cjs"
      },
      "engines": {
        "node": "^10 || ^12 || ^13.7 || ^14 || >=15.0.1"
      }
    },
    "node_modules/normalize-path": {
      "version": "3.0.0",
      "dev": true,
      "license": "MIT",
      "engines": {
        "node": ">=0.10.0"
      }
    },
    "node_modules/once": {
      "version": "1.4.0",
      "dev": true,
      "license": "ISC",
      "dependencies": {
        "wrappy": "1"
      }
    },
    "node_modules/parent-module": {
      "version": "1.0.1",
      "dev": true,
      "license": "MIT",
      "dependencies": {
        "callsites": "^3.0.0"
      },
      "engines": {
        "node": ">=6"
      }
    },
    "node_modules/path-is-absolute": {
      "version": "1.0.1",
      "dev": true,
      "license": "MIT",
      "engines": {
        "node": ">=0.10.0"
      }
    },
    "node_modules/picomatch": {
      "version": "2.3.0",
      "dev": true,
      "license": "MIT",
      "engines": {
        "node": ">=8.6"
      },
      "funding": {
        "url": "https://github.com/sponsors/jonschlinkert"
      }
    },
    "node_modules/postcss": {
      "version": "8.3.5",
      "dev": true,
      "license": "MIT",
      "optional": true,
      "peer": true,
      "dependencies": {
        "colorette": "^1.2.2",
        "nanoid": "^3.1.23",
        "source-map-js": "^0.6.2"
      },
      "engines": {
        "node": "^10 || ^12 || >=14"
      },
      "funding": {
        "type": "opencollective",
        "url": "https://opencollective.com/postcss/"
      }
    },
    "node_modules/readdirp": {
      "version": "3.6.0",
      "dev": true,
      "license": "MIT",
      "dependencies": {
        "picomatch": "^2.2.1"
      },
      "engines": {
        "node": ">=8.10.0"
      }
    },
    "node_modules/require-relative": {
      "version": "0.8.7",
      "dev": true,
      "license": "MIT"
    },
    "node_modules/resolve-from": {
      "version": "4.0.0",
      "dev": true,
      "license": "MIT",
      "engines": {
        "node": ">=4"
      }
    },
    "node_modules/rollup": {
      "version": "2.52.3",
      "dev": true,
      "license": "MIT",
      "peer": true,
      "bin": {
        "rollup": "dist/bin/rollup"
      },
      "engines": {
        "node": ">=10.0.0"
      },
      "optionalDependencies": {
        "fsevents": "~2.3.2"
      }
    },
    "node_modules/sade": {
      "version": "1.7.4",
      "dev": true,
      "license": "MIT",
      "dependencies": {
        "mri": "^1.1.0"
      },
      "engines": {
        "node": ">= 6"
      }
    },
    "node_modules/source-map": {
      "version": "0.7.3",
      "dev": true,
      "license": "BSD-3-Clause",
      "engines": {
        "node": ">= 8"
      }
    },
    "node_modules/source-map-js": {
      "version": "0.6.2",
      "dev": true,
      "license": "BSD-3-Clause",
      "optional": true,
      "peer": true,
      "engines": {
        "node": ">=0.10.0"
      }
    },
    "node_modules/strip-indent": {
      "version": "3.0.0",
      "dev": true,
      "license": "MIT",
      "dependencies": {
        "min-indent": "^1.0.0"
      },
      "engines": {
        "node": ">=8"
      }
    },
    "node_modules/supports-color": {
      "version": "7.2.0",
      "dev": true,
      "license": "MIT",
      "dependencies": {
        "has-flag": "^4.0.0"
      },
      "engines": {
        "node": ">=8"
      }
    },
    "node_modules/svelte": {
      "version": "3.38.3",
      "dev": true,
      "license": "MIT",
      "engines": {
        "node": ">= 8"
      }
    },
    "node_modules/svelte-check": {
      "version": "2.2.0",
      "dev": true,
      "license": "MIT",
      "dependencies": {
        "chalk": "^4.0.0",
        "chokidar": "^3.4.1",
        "glob": "^7.1.6",
        "import-fresh": "^3.2.1",
        "minimist": "^1.2.5",
        "sade": "^1.7.4",
        "source-map": "^0.7.3",
        "svelte-preprocess": "^4.0.0",
        "typescript": "*"
      },
      "bin": {
        "svelte-check": "bin/svelte-check"
      },
      "peerDependencies": {
        "svelte": "^3.24.0"
      }
    },
    "node_modules/svelte-hmr": {
      "version": "0.14.4",
      "dev": true,
      "license": "ISC",
      "peerDependencies": {
        "svelte": ">=3.19.0"
      }
    },
    "node_modules/svelte-preprocess": {
      "version": "4.7.3",
      "dev": true,
      "hasInstallScript": true,
      "license": "MIT",
      "dependencies": {
        "@types/pug": "^2.0.4",
        "@types/sass": "^1.16.0",
        "detect-indent": "^6.0.0",
        "strip-indent": "^3.0.0"
      },
      "engines": {
        "node": ">= 9.11.2"
      },
      "peerDependencies": {
        "@babel/core": "^7.10.2",
        "coffeescript": "^2.5.1",
        "less": "^3.11.3",
        "postcss": "^7 || ^8",
        "postcss-load-config": "^2.1.0 || ^3.0.0",
        "pug": "^3.0.0",
        "sass": "^1.26.8",
        "stylus": "^0.54.7",
        "sugarss": "^2.0.0",
        "svelte": "^3.23.0",
        "typescript": "^3.9.5 || ^4.0.0"
      },
      "peerDependenciesMeta": {
        "@babel/core": {
          "optional": true
        },
        "coffeescript": {
          "optional": true
        },
        "less": {
          "optional": true
        },
        "node-sass": {
          "optional": true
        },
        "postcss": {
          "optional": true
        },
        "postcss-load-config": {
          "optional": true
        },
        "pug": {
          "optional": true
        },
        "sass": {
          "optional": true
        },
        "stylus": {
          "optional": true
        },
        "sugarss": {
          "optional": true
        },
        "typescript": {
          "optional": true
        }
      }
    },
    "node_modules/to-regex-range": {
      "version": "5.0.1",
      "dev": true,
      "license": "MIT",
      "dependencies": {
        "is-number": "^7.0.0"
      },
      "engines": {
        "node": ">=8.0"
      }
    },
    "node_modules/tslib": {
      "version": "2.3.0",
      "dev": true,
      "license": "0BSD"
    },
    "node_modules/typescript": {
      "version": "4.3.4",
      "dev": true,
      "license": "Apache-2.0",
      "bin": {
        "tsc": "bin/tsc",
        "tsserver": "bin/tsserver"
      },
      "engines": {
        "node": ">=4.2.0"
      }
    },
    "node_modules/vite": {
      "resolved": "../vite/packages/vite",
      "link": true
    },
    "node_modules/wrappy": {
      "version": "1.0.2",
      "dev": true,
      "license": "ISC"
    }
  },
  "dependencies": {
    "@fontsource/fira-mono": {
      "version": "4.4.5"
    },
    "@lukeed/csprng": {
      "version": "1.0.0"
    },
    "@lukeed/uuid": {
      "version": "2.0.0",
      "requires": {
        "@lukeed/csprng": "^1.0.0"
      }
    },
    "@rollup/pluginutils": {
      "version": "4.1.0",
      "dev": true,
      "requires": {
        "estree-walker": "^2.0.1",
        "picomatch": "^2.2.2"
      }
    },
    "@sveltejs/kit": {
      "version": "1.0.0-next.118",
      "resolved": "https://registry.npmjs.org/@sveltejs/kit/-/kit-1.0.0-next.118.tgz",
      "integrity": "sha512-z72d8p/Csamg+TLf5Vb3ewAo9WhiEgPmGUA/m5ot2qppzLo36+ys109HVsdVoFg2B7wbYB56stbocHr7gF/QuA==",
      "dev": true,
      "requires": {
        "@sveltejs/vite-plugin-svelte": "^1.0.0-next.11",
        "cheap-watch": "^1.0.3",
        "sade": "^1.7.4",
        "vite": "^2.3.8"
      }
    },
    "@sveltejs/vite-plugin-svelte": {
      "version": "1.0.0-next.11",
      "dev": true,
      "requires": {
        "@rollup/pluginutils": "^4.1.0",
        "chalk": "^4.1.1",
        "debug": "^4.3.2",
        "require-relative": "^0.8.7",
        "svelte-hmr": "^0.14.4"
      }
    },
    "@types/cookie": {
      "version": "0.4.0",
      "dev": true
    },
    "@types/node": {
      "version": "15.12.5",
      "dev": true
    },
    "@types/pug": {
      "version": "2.0.4",
      "dev": true
    },
    "@types/sass": {
      "version": "1.16.0",
      "dev": true,
      "requires": {
        "@types/node": "*"
      }
    },
    "ansi-styles": {
      "version": "4.3.0",
      "dev": true,
      "requires": {
        "color-convert": "^2.0.1"
      }
    },
    "anymatch": {
      "version": "3.1.2",
      "dev": true,
      "requires": {
        "normalize-path": "^3.0.0",
        "picomatch": "^2.0.4"
      }
    },
    "balanced-match": {
      "version": "1.0.2",
      "dev": true
    },
    "binary-extensions": {
      "version": "2.2.0",
      "dev": true
    },
    "brace-expansion": {
      "version": "1.1.11",
      "dev": true,
      "requires": {
        "balanced-match": "^1.0.0",
        "concat-map": "0.0.1"
      }
    },
    "braces": {
      "version": "3.0.2",
      "dev": true,
      "requires": {
        "fill-range": "^7.0.1"
      }
    },
    "callsites": {
      "version": "3.1.0",
      "dev": true
    },
    "chalk": {
      "version": "4.1.1",
      "dev": true,
      "requires": {
        "ansi-styles": "^4.1.0",
        "supports-color": "^7.1.0"
      }
    },
    "cheap-watch": {
      "version": "1.0.3",
      "dev": true
    },
    "chokidar": {
      "version": "3.5.2",
      "dev": true,
      "requires": {
        "anymatch": "~3.1.2",
        "braces": "~3.0.2",
        "fsevents": "~2.3.2",
        "glob-parent": "~5.1.2",
        "is-binary-path": "~2.1.0",
        "is-glob": "~4.0.1",
        "normalize-path": "~3.0.0",
        "readdirp": "~3.6.0"
      }
    },
    "color-convert": {
      "version": "2.0.1",
      "dev": true,
      "requires": {
        "color-name": "~1.1.4"
      }
    },
    "color-name": {
      "version": "1.1.4",
      "dev": true
    },
    "colorette": {
      "version": "1.2.2",
      "dev": true,
      "optional": true,
      "peer": true
    },
    "concat-map": {
      "version": "0.0.1",
      "dev": true
    },
    "cookie": {
      "version": "0.4.1"
    },
    "debug": {
      "version": "4.3.2",
      "dev": true,
      "requires": {
        "ms": "2.1.2"
      }
    },
    "detect-indent": {
      "version": "6.1.0",
      "dev": true
    },
    "estree-walker": {
      "version": "2.0.2",
      "dev": true
    },
    "external-lib": {
      "version": "file:external-lib\\external-lib-1.0.0.tgz",
      "integrity": "sha512-66PKqzk+2VZxZXNFexavMTRvZixJ3bkWVfbD3S3/IMhx7UtAwLGEt6Tzu6/5PuiInxQkBLmQgahSDXB96qf3Eg=="
    },
    "fill-range": {
      "version": "7.0.1",
      "dev": true,
      "requires": {
        "to-regex-range": "^5.0.1"
      }
    },
    "fs.realpath": {
      "version": "1.0.0",
      "dev": true
    },
    "glob": {
      "version": "7.1.7",
      "dev": true,
      "requires": {
        "fs.realpath": "^1.0.0",
        "inflight": "^1.0.4",
        "inherits": "2",
        "minimatch": "^3.0.4",
        "once": "^1.3.0",
        "path-is-absolute": "^1.0.0"
      }
    },
    "glob-parent": {
      "version": "5.1.2",
      "dev": true,
      "requires": {
        "is-glob": "^4.0.1"
      }
    },
    "has-flag": {
      "version": "4.0.0",
      "dev": true
    },
    "import-fresh": {
      "version": "3.3.0",
      "dev": true,
      "requires": {
        "parent-module": "^1.0.0",
        "resolve-from": "^4.0.0"
      }
    },
    "inflight": {
      "version": "1.0.6",
      "dev": true,
      "requires": {
        "once": "^1.3.0",
        "wrappy": "1"
      }
    },
    "inherits": {
      "version": "2.0.4",
      "dev": true
    },
    "is-binary-path": {
      "version": "2.1.0",
      "dev": true,
      "requires": {
        "binary-extensions": "^2.0.0"
      }
    },
    "is-extglob": {
      "version": "2.1.1",
      "dev": true
    },
    "is-glob": {
      "version": "4.0.1",
      "dev": true,
      "requires": {
        "is-extglob": "^2.1.1"
      }
    },
    "is-number": {
      "version": "7.0.0",
      "dev": true
    },
    "min-indent": {
      "version": "1.0.1",
      "dev": true
    },
    "minimatch": {
      "version": "3.0.4",
      "dev": true,
      "requires": {
        "brace-expansion": "^1.1.7"
      }
    },
    "minimist": {
      "version": "1.2.5",
      "dev": true
    },
    "mri": {
      "version": "1.1.6",
      "dev": true
    },
    "ms": {
      "version": "2.1.2",
      "dev": true
    },
    "nanoid": {
      "version": "3.1.23",
      "dev": true,
      "optional": true,
      "peer": true
    },
    "normalize-path": {
      "version": "3.0.0",
      "dev": true
    },
    "once": {
      "version": "1.4.0",
      "dev": true,
      "requires": {
        "wrappy": "1"
      }
    },
    "parent-module": {
      "version": "1.0.1",
      "dev": true,
      "requires": {
        "callsites": "^3.0.0"
      }
    },
    "path-is-absolute": {
      "version": "1.0.1",
      "dev": true
    },
    "picomatch": {
      "version": "2.3.0",
      "dev": true
    },
    "postcss": {
      "version": "8.3.5",
      "dev": true,
      "optional": true,
      "peer": true,
      "requires": {
        "colorette": "^1.2.2",
        "nanoid": "^3.1.23",
        "source-map-js": "^0.6.2"
      }
    },
    "readdirp": {
      "version": "3.6.0",
      "dev": true,
      "requires": {
        "picomatch": "^2.2.1"
      }
    },
    "require-relative": {
      "version": "0.8.7",
      "dev": true
    },
    "resolve-from": {
      "version": "4.0.0",
      "dev": true
    },
    "rollup": {
      "version": "2.52.3",
      "dev": true,
      "peer": true,
      "requires": {
        "fsevents": "~2.3.2"
      }
    },
    "sade": {
      "version": "1.7.4",
      "dev": true,
      "requires": {
        "mri": "^1.1.0"
      }
    },
    "source-map": {
      "version": "0.7.3",
      "dev": true
    },
    "source-map-js": {
      "version": "0.6.2",
      "dev": true,
      "optional": true,
      "peer": true
    },
    "strip-indent": {
      "version": "3.0.0",
      "dev": true,
      "requires": {
        "min-indent": "^1.0.0"
      }
    },
    "supports-color": {
      "version": "7.2.0",
      "dev": true,
      "requires": {
        "has-flag": "^4.0.0"
      }
    },
    "svelte": {
      "version": "3.38.3",
      "dev": true
    },
    "svelte-check": {
      "version": "2.2.0",
      "dev": true,
      "requires": {
        "chalk": "^4.0.0",
        "chokidar": "^3.4.1",
        "glob": "^7.1.6",
        "import-fresh": "^3.2.1",
        "minimist": "^1.2.5",
        "sade": "^1.7.4",
        "source-map": "^0.7.3",
        "svelte-preprocess": "^4.0.0",
        "typescript": "*"
      }
    },
    "svelte-hmr": {
      "version": "0.14.4",
      "dev": true,
      "requires": {}
    },
    "svelte-preprocess": {
      "version": "4.7.3",
      "dev": true,
      "requires": {
        "@types/pug": "^2.0.4",
        "@types/sass": "^1.16.0",
        "detect-indent": "^6.0.0",
        "strip-indent": "^3.0.0"
      }
    },
    "to-regex-range": {
      "version": "5.0.1",
      "dev": true,
      "requires": {
        "is-number": "^7.0.0"
      }
    },
    "tslib": {
      "version": "2.3.0",
      "dev": true
    },
    "typescript": {
      "version": "4.3.4",
      "dev": true
    },
    "vite": {
      "version": "file:../vite/packages/vite",
      "requires": {
        "@ampproject/remapping": "^1.0.1",
        "@rollup/plugin-alias": "^3.1.2",
        "@rollup/plugin-commonjs": "^19.0.0",
        "@rollup/plugin-dynamic-import-vars": "^1.1.1",
        "@rollup/plugin-json": "^4.1.0",
        "@rollup/plugin-node-resolve": "13.0.0",
        "@rollup/plugin-typescript": "^8.2.1",
        "@rollup/pluginutils": "^4.1.0",
        "@types/clean-css": "^4.2.4",
        "@types/convert-source-map": "^1.5.1",
        "@types/debug": "^4.1.5",
        "@types/es-module-lexer": "^0.3.0",
        "@types/estree": "^0.0.48",
        "@types/etag": "^1.8.0",
        "@types/less": "^3.0.2",
        "@types/mime": "^2.0.3",
        "@types/node": "^15.12.2",
        "@types/resolve": "^1.20.0",
        "@types/sass": "^1.16.0",
        "@types/stylus": "^0.48.35",
        "@types/ws": "^7.4.5",
        "@vue/compiler-dom": "^3.1.2",
        "acorn": "^8.4.1",
        "acorn-class-fields": "^1.0.0",
        "acorn-numeric-separator": "^0.3.6",
        "acorn-static-class-features": "^1.0.0",
        "brotli-size": "^4.0.0",
        "builtin-modules": "^3.2.0",
        "cac": "^6.7.3",
        "chalk": "^4.1.1",
        "chokidar": "^3.5.2",
        "clean-css": "^5.1.2",
        "compression": "^1.7.4",
        "connect": "^3.7.0",
        "connect-history-api-fallback": "^1.6.0",
        "convert-source-map": "^1.8.0",
        "cors": "^2.8.5",
        "debug": "^4.3.2",
        "dotenv": "^8.6.0",
        "dotenv-expand": "^5.1.0",
        "enhanced-resolve": "^5.8.2",
        "es-module-lexer": "^0.6.0",
        "esbuild": "^0.12.8",
        "estree-walker": "^2.0.2",
        "etag": "^1.8.1",
        "execa": "^5.1.1",
        "fast-glob": "^3.2.5",
        "fsevents": "~2.3.2",
        "http-proxy": "^1.18.1",
        "launch-editor-middleware": "^2.2.1",
        "magic-string": "^0.25.7",
        "mime": "^2.5.2",
        "minimatch": "^3.0.4",
        "okie": "^1.0.1",
        "open": "^7.4.2",
        "periscopic": "^2.0.3",
        "postcss": "^8.3.5",
        "postcss-import": "^13.0.0",
        "postcss-load-config": "^3.0.0",
        "postcss-modules": "^4.1.3",
        "resolve": "^1.20.0",
        "resolve.exports": "^1.0.2",
        "rollup": "^2.38.5",
        "rollup-plugin-license": "^2.5.0",
        "selfsigned": "^1.10.11",
        "sirv": "^1.0.12",
        "source-map": "^0.6.1",
        "source-map-support": "^0.5.19",
        "strip-ansi": "^6.0.0",
        "terser": "^5.7.0",
        "tslib": "^2.3.0",
        "types": "link:./types",
        "ws": "^7.5.0"
      },
      "dependencies": {
        "@rollup/plugin-typescript": {
          "version": "8.2.1",
          "dev": true,
          "requires": {
            "@rollup/pluginutils": "^3.1.0",
            "resolve": "^1.17.0"
          },
          "dependencies": {
            "@rollup/pluginutils": {
              "version": "3.1.0",
              "dev": true,
              "requires": {
                "@types/estree": "0.0.39",
                "estree-walker": "^1.0.1",
                "picomatch": "^2.2.2"
              }
            },
            "@types/estree": {
              "version": "0.0.39",
              "dev": true
            },
            "estree-walker": {
              "version": "1.0.1",
              "dev": true
            }
          }
        },
        "@rollup/pluginutils": {
          "version": "4.1.0",
          "dev": true,
          "requires": {
            "estree-walker": "^2.0.1",
            "picomatch": "^2.2.2"
          }
        },
        "@types/estree": {
          "version": "0.0.48",
          "dev": true
        },
        "@vue/compiler-core": {
          "version": "3.1.2",
          "dev": true,
          "requires": {
            "@babel/parser": "^7.12.0",
            "@babel/types": "^7.12.0",
            "@vue/shared": "3.1.2",
            "estree-walker": "^2.0.1",
            "source-map": "^0.6.1"
          }
        },
        "@vue/compiler-dom": {
          "version": "3.1.2",
          "dev": true,
          "requires": {
            "@vue/compiler-core": "3.1.2",
            "@vue/shared": "3.1.2"
          }
        },
        "@vue/shared": {
          "version": "3.1.2",
          "dev": true
        },
        "convert-source-map": {
          "version": "1.8.0",
          "dev": true,
          "requires": {
            "safe-buffer": "~5.1.1"
          }
        },
        "debug": {
          "version": "4.3.2",
          "dev": true,
          "requires": {
            "ms": "2.1.2"
          }
        },
        "mime": {
          "version": "2.5.2",
          "dev": true
        },
        "ms": {
          "version": "2.1.2",
          "dev": true
        },
        "postcss-modules": {
          "version": "4.1.3",
          "dev": true,
          "requires": {
            "generic-names": "^2.0.1",
            "icss-replace-symbols": "^1.1.0",
            "lodash.camelcase": "^4.3.0",
            "postcss-modules-extract-imports": "^3.0.0",
            "postcss-modules-local-by-default": "^4.0.0",
            "postcss-modules-scope": "^3.0.0",
            "postcss-modules-values": "^4.0.0",
            "string-hash": "^1.1.1"
          }
        },
        "tslib": {
          "version": "2.3.0",
          "dev": true
        },
        "ws": {
          "version": "7.5.0",
          "dev": true,
          "requires": {}
        }
      }
    },
    "wrappy": {
      "version": "1.0.2",
      "dev": true
    }
  }
}
